
Microsoft Visual Studio Solution File, Format Version 12.00
# Visual Studio Version 16
VisualStudioVersion = 16.0.30804.86
MinimumVisualStudioVersion = 10.0.40219.1
Project("{FAE04EC0-301F-11D3-BF4B-00C04F79EFBC}") = "Basic", "src\Basic\Basic.csproj", "{9C32E847-2578-4AA0-A311-576ABC5D073E}"
EndProject
Global
	GlobalSection(SolutionConfigurationPlatforms) = preSolution
		Debug|Any CPU = Debug|Any CPU
		Release|Any CPU = Release|Any CPU
	EndGlobalSection
	GlobalSection(ProjectConfigurationPlatforms) = postSolution
		{9C32E847-2578-4AA0-A311-576ABC5D073E}.Debug|Any CPU.ActiveCfg = Debug|Any CPU
		{9C32E847-2578-4AA0-A311-576ABC5D073E}.Debug|Any CPU.Build.0 = Debug|Any CPU
		{9C32E847-2578-4AA0-A311-576ABC5D073E}.Release|Any CPU.ActiveCfg = Release|Any CPU
		{9C32E847-2578-4AA0-A311-576ABC5D073E}.Release|Any CPU.Build.0 = Release|Any CPU
	EndGlobalSection
	GlobalSection(SolutionProperties) = preSolution
		HideSolutionNode = FALSE
	EndGlobalSection
	GlobalSection(ExtensibilityGlobals) = postSolution
		SolutionGuid = {81A795B7-4E9E-4C88-878C-2C1D211BB7C2}
	EndGlobalSection
EndGlobal
